{
    "_readme": [
        "This file locks the dependencies of your project to a known state",
        "Read more about it at https://getcomposer.org/doc/01-basic-usage.md#installing-dependencies",
        "This file is @generated automatically"
    ],
    "content-hash": "3458bdb49c5d50ced381c8336aa903c4",
    "packages": [
        {
            "name": "ksubileau/color-thief-php",
            "version": "v2.0.1",
            "source": {
                "type": "git",
                "url": "https://github.com/ksubileau/color-thief-php.git",
                "reference": "a1378533433dae824c2e5b70359f8b6ae16b1deb"
            },
            "dist": {
                "type": "zip",
                "url": "https://api.github.com/repos/ksubileau/color-thief-php/zipball/a1378533433dae824c2e5b70359f8b6ae16b1deb",
                "reference": "a1378533433dae824c2e5b70359f8b6ae16b1deb",
                "shasum": ""
            },
            "require": {
                "ext-fileinfo": "*",
                "php": "^7.2|^8.0"
            },
            "require-dev": {
                "friendsofphp/php-cs-fixer": "^3.4",
                "phpstan/phpstan": "^1.2.0",
                "phpstan/phpstan-phpunit": "^1.0.0",
                "phpunit/phpunit": "^8.5"
            },
            "suggest": {
                "ext-gd": "to use the GD image adapter.",
                "ext-gmagick": "to use the Gmagick image adapter.",
                "ext-imagick": "to use the Imagick image adapter."
            },
            "type": "library",
            "autoload": {
                "psr-4": {
                    "ColorThief\\": "src/ColorThief"
                }
            },
            "notification-url": "https://packagist.org/downloads/",
            "license": [
                "MIT"
            ],
            "authors": [
                {
                    "name": "Kevin Subileau",
                    "homepage": "http://www.kevinsubileau.fr"
                }
            ],
            "description": "Grabs the dominant color or a representative color palette from an image.",
            "homepage": "http://www.kevinsubileau.fr/projets/color-thief-php",
            "keywords": [
                "color",
                "dominant",
                "palette",
                "php",
                "thief"
            ],
            "support": {
                "issues": "https://github.com/ksubileau/color-thief-php/issues",
                "source": "https://github.com/ksubileau/color-thief-php/tree/v2.0.1"
            },
            "time": "2022-11-12T10:09:40+00:00"
        }
    ],
    "packages-dev": [],
    "aliases": [],
    "minimum-stability": "stable",
    "stability-flags": [],
    "prefer-stable": false,
    "prefer-lowest": false,
    "platform": [],
    "platform-dev": [],
    "plugin-api-version": "2.2.0"
}
